
Microsoft Visual Studio Solution File, Format Version 12.00
# Visual Studio Version 17
VisualStudioVersion = 17.9.34723.18
MinimumVisualStudioVersion = 10.0.40219.1
Project("{FAE04EC0-301F-11D3-BF4B-00C04F79EFBC}") = "ConsoleApp3", "ConsoleApp3\ConsoleApp3.csproj", "{06C69168-5A5D-4B0F-9DE5-412BA9C2A13E}"
EndProject
Global
	GlobalSection(SolutionConfigurationPlatforms) = preSolution
		Debug|Any CPU = Debug|Any CPU
		Release|Any CPU = Release|Any CPU
	EndGlobalSection
	GlobalSection(ProjectConfigurationPlatforms) = postSolution
		{06C69168-5A5D-4B0F-9DE5-412BA9C2A13E}.Debug|Any CPU.ActiveCfg = Debug|Any CPU
		{06C69168-5A5D-4B0F-9DE5-412BA9C2A13E}.Debug|Any CPU.Build.0 = Debug|Any CPU
		{06C69168-5A5D-4B0F-9DE5-412BA9C2A13E}.Release|Any CPU.ActiveCfg = Release|Any CPU
		{06C69168-5A5D-4B0F-9DE5-412BA9C2A13E}.Release|Any CPU.Build.0 = Release|Any CPU
	EndGlobalSection
	GlobalSection(SolutionProperties) = preSolution
		HideSolutionNode = FALSE
	EndGlobalSection
	GlobalSection(ExtensibilityGlobals) = postSolution
		SolutionGuid = {67FB34C3-27C6-4047-88EA-E63698BADC0A}
	EndGlobalSection
EndGlobal
